
Microsoft Visual Studio Solution File, Format Version 12.00
# Visual Studio 15
VisualStudioVersion = 15.0.28307.106
MinimumVisualStudioVersion = 10.0.40219.1
Project("{9A19103F-16F7-4668-BE54-9A1E7A4F7556}") = "BZM.SCRM.Api", "BZM.SCRM.Api\BZM.SCRM.Api.csproj", "{673CFB7F-5621-4609-86A8-19E2C9C0DBE9}"
EndProject
Project("{9A19103F-16F7-4668-BE54-9A1E7A4F7556}") = "BZM.SCRM.Application", "BZM.SCRM.Api.Application\BZM.SCRM.Application.csproj", "{10E67D8E-87D3-4093-92F5-F8FC3F160F9B}"
EndProject
Project("{9A19103F-16F7-4668-BE54-9A1E7A4F7556}") = "BZM.SCRM.Domain", "BZM.SCRM.Domain\BZM.SCRM.Domain.csproj", "{0BE1BA42-9EB3-49B3-921A-8D5DC802AC94}"
EndProject
Project("{9A19103F-16F7-4668-BE54-9A1E7A4F7556}") = "BZM.SCRM.Infrastructure", "BZM.SCRM.Infrastructure\BZM.SCRM.Infrastructure.csproj", "{4D71173A-62C4-481A-8C2E-0155ECBEDDFB}"
EndProject
Project("{9A19103F-16F7-4668-BE54-9A1E7A4F7556}") = "BZM.SCRM.IdentityServer", "BZM.SCRM.IdentityServer\BZM.SCRM.IdentityServer.csproj", "{C8910A93-C5A1-42FC-8F17-D895F3ACA097}"
EndProject
Global
	GlobalSection(SolutionConfigurationPlatforms) = preSolution
		Debug|Any CPU = Debug|Any CPU
		Release|Any CPU = Release|Any CPU
	EndGlobalSection
	GlobalSection(ProjectConfigurationPlatforms) = postSolution
		{673CFB7F-5621-4609-86A8-19E2C9C0DBE9}.Debug|Any CPU.ActiveCfg = Debug|Any CPU
		{673CFB7F-5621-4609-86A8-19E2C9C0DBE9}.Debug|Any CPU.Build.0 = Debug|Any CPU
		{673CFB7F-5621-4609-86A8-19E2C9C0DBE9}.Release|Any CPU.ActiveCfg = Release|Any CPU
		{673CFB7F-5621-4609-86A8-19E2C9C0DBE9}.Release|Any CPU.Build.0 = Release|Any CPU
		{10E67D8E-87D3-4093-92F5-F8FC3F160F9B}.Debug|Any CPU.ActiveCfg = Debug|Any CPU
		{10E67D8E-87D3-4093-92F5-F8FC3F160F9B}.Debug|Any CPU.Build.0 = Debug|Any CPU
		{10E67D8E-87D3-4093-92F5-F8FC3F160F9B}.Release|Any CPU.ActiveCfg = Release|Any CPU
		{10E67D8E-87D3-4093-92F5-F8FC3F160F9B}.Release|Any CPU.Build.0 = Release|Any CPU
		{0BE1BA42-9EB3-49B3-921A-8D5DC802AC94}.Debug|Any CPU.ActiveCfg = Debug|Any CPU
		{0BE1BA42-9EB3-49B3-921A-8D5DC802AC94}.Debug|Any CPU.Build.0 = Debug|Any CPU
		{0BE1BA42-9EB3-49B3-921A-8D5DC802AC94}.Release|Any CPU.ActiveCfg = Release|Any CPU
		{0BE1BA42-9EB3-49B3-921A-8D5DC802AC94}.Release|Any CPU.Build.0 = Release|Any CPU
		{4D71173A-62C4-481A-8C2E-0155ECBEDDFB}.Debug|Any CPU.ActiveCfg = Debug|Any CPU
		{4D71173A-62C4-481A-8C2E-0155ECBEDDFB}.Debug|Any CPU.Build.0 = Debug|Any CPU
		{4D71173A-62C4-481A-8C2E-0155ECBEDDFB}.Release|Any CPU.ActiveCfg = Release|Any CPU
		{4D71173A-62C4-481A-8C2E-0155ECBEDDFB}.Release|Any CPU.Build.0 = Release|Any CPU
		{C8910A93-C5A1-42FC-8F17-D895F3ACA097}.Debug|Any CPU.ActiveCfg = Debug|Any CPU
		{C8910A93-C5A1-42FC-8F17-D895F3ACA097}.Debug|Any CPU.Build.0 = Debug|Any CPU
		{C8910A93-C5A1-42FC-8F17-D895F3ACA097}.Release|Any CPU.ActiveCfg = Release|Any CPU
		{C8910A93-C5A1-42FC-8F17-D895F3ACA097}.Release|Any CPU.Build.0 = Release|Any CPU
	EndGlobalSection
	GlobalSection(SolutionProperties) = preSolution
		HideSolutionNode = FALSE
	EndGlobalSection
	GlobalSection(ExtensibilityGlobals) = postSolution
		SolutionGuid = {331920A6-D169-4C9D-8E18-6E2A9374A412}
	EndGlobalSection
EndGlobal
